# nsx.lock — generated by `nsx lock`. Do not edit by hand.
# Commit this file to record the resolved module set for this app.
schema_version: 4
targets:
  apollo510_evb:
    generated_at: '2026-09-11T07:34:29+00:00'
    nsx_tool:
      version: 0.0.1
    manifest:
      path: nsx.yml
      hash: sha256:ca2ebd1c62c2384c1b855a55cc4d7932f4e8f54fcf12c53ea8aa144d6cbb734e
    target:
      board: apollo510_evb
      soc: apollo510
      toolchain: arm-none-eabi-gcc
    modules:
      nsx-ambiqsuite:
        project: nsx-ambiq-sdk
        kind: git
        constraint: v5.2.24
        resolved:
          url: https://github.com/AmbiqAI/nsx-ambiq-sdk.git
          tag: v5.2.24
          commit: a9f4ec25a162f6f3700623feb691423bb5a51132
          vendored_at: modules/nsx-ambiq-sdk
          content_hash: sha256:4ca0d4e197abbb9a0165baebb6b7832d24b6fd23f1a47e424e9f5a01fbd459c6
          acquired_at: '2026-09-10T13:49:40+00:00'
      nsx-cmsis-core:
        project: nsx-ambiq-sdk
        kind: git
        constraint: v5.2.24
        resolved:
          url: https://github.com/AmbiqAI/nsx-ambiq-sdk.git
          tag: v5.2.24
          commit: a9f4ec25a162f6f3700623feb691423bb5a51132
          vendored_at: modules/nsx-ambiq-sdk
          content_hash: sha256:4ca0d4e197abbb9a0165baebb6b7832d24b6fd23f1a47e424e9f5a01fbd459c6
          acquired_at: '2026-09-10T13:49:40+00:00'
      nsx-ambiq-hal:
        project: nsx-ambiq-sdk
        kind: git
        constraint: v5.2.24
        resolved:
          url: https://github.com/AmbiqAI/nsx-ambiq-sdk.git
          tag: v5.2.24
          commit: a9f4ec25a162f6f3700623feb691423bb5a51132
          vendored_at: modules/nsx-ambiq-sdk
          content_hash: sha256:4ca0d4e197abbb9a0165baebb6b7832d24b6fd23f1a47e424e9f5a01fbd459c6
          acquired_at: '2026-09-10T13:49:40+00:00'
      nsx-ambiq-bsp:
        project: nsx-ambiq-sdk
        kind: git
        constraint: v5.2.24
        resolved:
          url: https://github.com/AmbiqAI/nsx-ambiq-sdk.git
          tag: v5.2.24
          commit: a9f4ec25a162f6f3700623feb691423bb5a51132
          vendored_at: modules/nsx-ambiq-sdk
          content_hash: sha256:4ca0d4e197abbb9a0165baebb6b7832d24b6fd23f1a47e424e9f5a01fbd459c6
          acquired_at: '2026-09-10T13:49:40+00:00'
      nsx-soc-hal:
        project: nsx-ambiq-sdk
        kind: git
        constraint: v5.2.24
        resolved:
          url: https://github.com/AmbiqAI/nsx-ambiq-sdk.git
          tag: v5.2.24
          commit: a9f4ec25a162f6f3700623feb691423bb5a51132
          vendored_at: modules/nsx-ambiq-sdk
          content_hash: sha256:4ca0d4e197abbb9a0165baebb6b7832d24b6fd23f1a47e424e9f5a01fbd459c6
          acquired_at: '2026-09-10T13:49:40+00:00'
      nsx-cmsis-startup:
        project: nsx-ambiq-sdk
        kind: git
        constraint: v5.2.24
        resolved:
          url: https://github.com/AmbiqAI/nsx-ambiq-sdk.git
          tag: v5.2.24
          commit: a9f4ec25a162f6f3700623feb691423bb5a51132
          vendored_at: modules/nsx-ambiq-sdk
          content_hash: sha256:4ca0d4e197abbb9a0165baebb6b7832d24b6fd23f1a47e424e9f5a01fbd459c6
          acquired_at: '2026-09-10T13:49:40+00:00'
      nsx-board-apollo510-evb:
        project: neuralspotx
        kind: packaged
        constraint: packaged
        resolved:
          tool_version: 0.0.1
          vendored_at: boards/apollo510_evb
          content_hash: sha256:9e8a8d5c212b02c60184af501dc2d063d4f366a5c65b0edb8e06420cfa466de9
          acquired_at: '2026-09-10T13:49:40+00:00'
      nsx-core:
        project: nsx-ambiq-sdk
        kind: git
        constraint: v5.2.24
        resolved:
          url: https://github.com/AmbiqAI/nsx-ambiq-sdk.git
          tag: v5.2.24
          commit: a9f4ec25a162f6f3700623feb691423bb5a51132
          vendored_at: modules/nsx-ambiq-sdk
          content_hash: sha256:4ca0d4e197abbb9a0165baebb6b7832d24b6fd23f1a47e424e9f5a01fbd459c6
          acquired_at: '2026-09-10T13:49:40+00:00'
      nsx-pmu-armv8m:
        project: nsx-pmu-armv8m
        kind: git
        constraint: v0.2.0
        resolved:
          url: https://github.com/AmbiqAI/nsx-pmu-armv8m.git
          tag: v0.2.0
          commit: 5725c065a0c3603132f1064ee2684d1fa8587c88
          vendored_at: modules/nsx-pmu-armv8m
          content_hash: sha256:cbecc30022858bc177555bf2389fdf0e8c4c3f59f11c07265d2f461d53ca848b
          acquired_at: '2026-09-10T13:49:40+00:00'
      nsx-tooling:
        project: neuralspotx
        kind: packaged
        constraint: packaged
        resolved:
          tool_version: 0.0.1
          vendored_at: cmake/nsx
          content_hash: sha256:7ec410eb9c51ebf7fc21557a1e232ace5e757af44681f1e645ef433c4ae11b86
          acquired_at: '2026-09-10T13:49:40+00:00'
      nsx-interrupt:
        project: nsx-ambiq-sdk
        kind: git
        constraint: v5.2.24
        resolved:
          url: https://github.com/AmbiqAI/nsx-ambiq-sdk.git
          tag: v5.2.24
          commit: a9f4ec25a162f6f3700623feb691423bb5a51132
          vendored_at: modules/nsx-ambiq-sdk
          content_hash: sha256:4ca0d4e197abbb9a0165baebb6b7832d24b6fd23f1a47e424e9f5a01fbd459c6
          acquired_at: '2026-09-10T13:49:40+00:00'
      nsx-timer:
        project: nsx-ambiq-sdk
        kind: git
        constraint: v5.2.24
        resolved:
          url: https://github.com/AmbiqAI/nsx-ambiq-sdk.git
          tag: v5.2.24
          commit: a9f4ec25a162f6f3700623feb691423bb5a51132
          vendored_at: modules/nsx-ambiq-sdk
          content_hash: sha256:4ca0d4e197abbb9a0165baebb6b7832d24b6fd23f1a47e424e9f5a01fbd459c6
          acquired_at: '2026-09-10T13:49:40+00:00'
      nsx-power:
        project: nsx-ambiq-sdk
        kind: git
        constraint: v5.2.24
        resolved:
          url: https://github.com/AmbiqAI/nsx-ambiq-sdk.git
          tag: v5.2.24
          commit: a9f4ec25a162f6f3700623feb691423bb5a51132
          vendored_at: modules/nsx-ambiq-sdk
          content_hash: sha256:4ca0d4e197abbb9a0165baebb6b7832d24b6fd23f1a47e424e9f5a01fbd459c6
          acquired_at: '2026-09-10T13:49:40+00:00'
      nsx-cmsis-nn:
        project: ns-cmsis-nn
        kind: git
        constraint: b386770a4588e2b46a6ca6df97fa487c9f3dedd4
        resolved:
          url: https://github.com/AmbiqAI/ns-cmsis-nn.git
          commit: b386770a4588e2b46a6ca6df97fa487c9f3dedd4
          vendored_at: modules/ns-cmsis-nn
          content_hash: sha256:48778aa715934780f8e661249e72d356cc864212108edf3e3c1345b7aacd99c1
          acquired_at: '2026-09-10T13:49:40+00:00'
      nsx-helia-rt:
        project: helia-rt
        kind: git
        constraint: cfab1523a58bcfab69a106efea22c530b8100285
        resolved:
          url: https://github.com/AmbiqAI/helia-rt.git
          commit: cfab1523a58bcfab69a106efea22c530b8100285
          vendored_at: modules/helia-rt
          content_hash: sha256:cd799c422987a526c8ceba86c5a8c95ef62adb0501c1231d4be6660a2d0252dd
          acquired_at: '2026-09-10T13:49:40+00:00'
